
Microsoft Visual Studio Solution File, Format Version 12.00
# Visual Studio Version 16
VisualStudioVersion = 16.0.29411.108
MinimumVisualStudioVersion = 10.0.40219.1
Project("{FAE04EC0-301F-11D3-BF4B-00C04F79EFBC}") = "ConsoleApp", "ConsoleApp\ConsoleApp.csproj", "{9356C241-7476-44A4-B0D4-1629329ECF72}"
EndProject
Global
	GlobalSection(SolutionConfigurationPlatforms) = preSolution
		Debug|Any CPU = Debug|Any CPU
		Release|Any CPU = Release|Any CPU
	EndGlobalSection
	GlobalSection(ProjectConfigurationPlatforms) = postSolution
		{9356C241-7476-44A4-B0D4-1629329ECF72}.Debug|Any CPU.ActiveCfg = Debug|Any CPU
		{9356C241-7476-44A4-B0D4-1629329ECF72}.Debug|Any CPU.Build.0 = Debug|Any CPU
		{9356C241-7476-44A4-B0D4-1629329ECF72}.Release|Any CPU.ActiveCfg = Release|Any CPU
		{9356C241-7476-44A4-B0D4-1629329ECF72}.Release|Any CPU.Build.0 = Release|Any CPU
	EndGlobalSection
	GlobalSection(SolutionProperties) = preSolution
		HideSolutionNode = FALSE
	EndGlobalSection
	GlobalSection(ExtensibilityGlobals) = postSolution
		SolutionGuid = {6FB09EB9-B8F0-4F88-8E9B-32EF55834223}
	EndGlobalSection
EndGlobal
